
Microsoft Visual Studio Solution File, Format Version 12.00
# Visual Studio 15
VisualStudioVersion = 15.0.28307.136
MinimumVisualStudioVersion = 10.0.40219.1
Project("{FAE04EC0-301F-11D3-BF4B-00C04F79EFBC}") = "DynamicViewEngine", "DynamicViewEngine\DynamicViewEngine.csproj", "{DAA142E1-747E-43E4-A562-2D977C4C9E0B}"
EndProject
Project("{00D1A9C2-B5F0-4AF3-8072-F6C62B433612}") = "DynamicViiewEngine.DB", "DynamicViiewEngine.DB\DynamicViiewEngine.DB.sqlproj", "{5FAD5FBF-8EBA-4934-8D3E-0A28C7A595BB}"
EndProject
Global
	GlobalSection(SolutionConfigurationPlatforms) = preSolution
		Debug|Any CPU = Debug|Any CPU
		Release|Any CPU = Release|Any CPU
	EndGlobalSection
	GlobalSection(ProjectConfigurationPlatforms) = postSolution
		{DAA142E1-747E-43E4-A562-2D977C4C9E0B}.Debug|Any CPU.ActiveCfg = Debug|Any CPU
		{DAA142E1-747E-43E4-A562-2D977C4C9E0B}.Debug|Any CPU.Build.0 = Debug|Any CPU
		{DAA142E1-747E-43E4-A562-2D977C4C9E0B}.Release|Any CPU.ActiveCfg = Release|Any CPU
		{DAA142E1-747E-43E4-A562-2D977C4C9E0B}.Release|Any CPU.Build.0 = Release|Any CPU
		{5FAD5FBF-8EBA-4934-8D3E-0A28C7A595BB}.Debug|Any CPU.ActiveCfg = Debug|Any CPU
		{5FAD5FBF-8EBA-4934-8D3E-0A28C7A595BB}.Debug|Any CPU.Build.0 = Debug|Any CPU
		{5FAD5FBF-8EBA-4934-8D3E-0A28C7A595BB}.Debug|Any CPU.Deploy.0 = Debug|Any CPU
		{5FAD5FBF-8EBA-4934-8D3E-0A28C7A595BB}.Release|Any CPU.ActiveCfg = Release|Any CPU
		{5FAD5FBF-8EBA-4934-8D3E-0A28C7A595BB}.Release|Any CPU.Build.0 = Release|Any CPU
		{5FAD5FBF-8EBA-4934-8D3E-0A28C7A595BB}.Release|Any CPU.Deploy.0 = Release|Any CPU
	EndGlobalSection
	GlobalSection(SolutionProperties) = preSolution
		HideSolutionNode = FALSE
	EndGlobalSection
	GlobalSection(ExtensibilityGlobals) = postSolution
		SolutionGuid = {A5A1D4DD-E2D0-4A36-A287-8F4F79A71AE1}
	EndGlobalSection
EndGlobal
